
Microsoft Visual Studio Solution File, Format Version 12.00
# Visual Studio Version 17
VisualStudioVersion = 17.3.32825.248
MinimumVisualStudioVersion = 10.0.40219.1
Project("{8BC9CEB8-8B4A-11D0-8D11-00A0C91BC942}") = "zad 1", "laba11.vcxproj", "{84BC7209-E851-4294-9C2C-5575770F6050}"
EndProject
Project("{8BC9CEB8-8B4A-11D0-8D11-00A0C91BC942}") = "zad 2", "..\zad 2\zad 2.vcxproj", "{48EA37D3-66A2-4440-9E92-73ABA88D9B21}"
EndProject
Project("{8BC9CEB8-8B4A-11D0-8D11-00A0C91BC942}") = "var15_1", "..\var15_1\var15_1.vcxproj", "{60879B08-F996-412F-92F5-96314A3336CF}"
EndProject
Project("{8BC9CEB8-8B4A-11D0-8D11-00A0C91BC942}") = "var15_2", "..\var15_2\var15_2.vcxproj", "{B7A0B8EC-E7CF-4DD1-8FAB-7EA9581A3C90}"
EndProject
Project("{8BC9CEB8-8B4A-11D0-8D11-00A0C91BC942}") = "var9_1", "..\var9_1\var9_1.vcxproj", "{3BFD67A1-C0AD-402B-8873-BABE586D6118}"
EndProject
Project("{8BC9CEB8-8B4A-11D0-8D11-00A0C91BC942}") = "var9_2", "..\var9_2\var9_2.vcxproj", "{0F10050B-F0DB-4D72-86CF-41025493B8F0}"
EndProject
Project("{8BC9CEB8-8B4A-11D0-8D11-00A0C91BC942}") = "var4_1", "..\var4_1\var4_1.vcxproj", "{EAD0CF59-6415-4C39-909B-5246F6330540}"
EndProject
Project("{8BC9CEB8-8B4A-11D0-8D11-00A0C91BC942}") = "var4_2", "..\var4_2\var4_2.vcxproj", "{F41C6A3E-D537-4108-A613-94B8E999A82B}"
EndProject
Project("{8BC9CEB8-8B4A-11D0-8D11-00A0C91BC942}") = "var2_1", "..\var2_1\var2_1.vcxproj", "{6F1EDD48-FA5F-49F2-A436-6784FC59A577}"
EndProject
Project("{8BC9CEB8-8B4A-11D0-8D11-00A0C91BC942}") = "var2_2", "..\var2_2\var2_2.vcxproj", "{419C9EB7-EADF-4551-8B10-A7B7ECEE4815}"
EndProject
Global
	GlobalSection(SolutionConfigurationPlatforms) = preSolution
		Debug|x64 = Debug|x64
		Debug|x86 = Debug|x86
		Release|x64 = Release|x64
		Release|x86 = Release|x86
	EndGlobalSection
	GlobalSection(ProjectConfigurationPlatforms) = postSolution
		{84BC7209-E851-4294-9C2C-5575770F6050}.Debug|x64.ActiveCfg = Debug|x64
		{84BC7209-E851-4294-9C2C-5575770F6050}.Debug|x64.Build.0 = Debug|x64
		{84BC7209-E851-4294-9C2C-5575770F6050}.Debug|x86.ActiveCfg = Debug|Win32
		{84BC7209-E851-4294-9C2C-5575770F6050}.Debug|x86.Build.0 = Debug|Win32
		{84BC7209-E851-4294-9C2C-5575770F6050}.Release|x64.ActiveCfg = Release|x64
		{84BC7209-E851-4294-9C2C-5575770F6050}.Release|x64.Build.0 = Release|x64
		{84BC7209-E851-4294-9C2C-5575770F6050}.Release|x86.ActiveCfg = Release|Win32
		{84BC7209-E851-4294-9C2C-5575770F6050}.Release|x86.Build.0 = Release|Win32
		{48EA37D3-66A2-4440-9E92-73ABA88D9B21}.Debug|x64.ActiveCfg = Debug|x64
		{48EA37D3-66A2-4440-9E92-73ABA88D9B21}.Debug|x64.Build.0 = Debug|x64
		{48EA37D3-66A2-4440-9E92-73ABA88D9B21}.Debug|x86.ActiveCfg = Debug|Win32
		{48EA37D3-66A2-4440-9E92-73ABA88D9B21}.Debug|x86.Build.0 = Debug|Win32
		{48EA37D3-66A2-4440-9E92-73ABA88D9B21}.Release|x64.ActiveCfg = Release|x64
		{48EA37D3-66A2-4440-9E92-73ABA88D9B21}.Release|x64.Build.0 = Release|x64
		{48EA37D3-66A2-4440-9E92-73ABA88D9B21}.Release|x86.ActiveCfg = Release|Win32
		{48EA37D3-66A2-4440-9E92-73ABA88D9B21}.Release|x86.Build.0 = Release|Win32
		{60879B08-F996-412F-92F5-96314A3336CF}.Debug|x64.ActiveCfg = Debug|x64
		{60879B08-F996-412F-92F5-96314A3336CF}.Debug|x64.Build.0 = Debug|x64
		{60879B08-F996-412F-92F5-96314A3336CF}.Debug|x86.ActiveCfg = Debug|Win32
		{60879B08-F996-412F-92F5-96314A3336CF}.Debug|x86.Build.0 = Debug|Win32
		{60879B08-F996-412F-92F5-96314A3336CF}.Release|x64.ActiveCfg = Release|x64
		{60879B08-F996-412F-92F5-96314A3336CF}.Release|x64.Build.0 = Release|x64
		{60879B08-F996-412F-92F5-96314A3336CF}.Release|x86.ActiveCfg = Release|Win32
		{60879B08-F996-412F-92F5-96314A3336CF}.Release|x86.Build.0 = Release|Win32
		{B7A0B8EC-E7CF-4DD1-8FAB-7EA9581A3C90}.Debug|x64.ActiveCfg = Debug|x64
		{B7A0B8EC-E7CF-4DD1-8FAB-7EA9581A3C90}.Debug|x64.Build.0 = Debug|x64
		{B7A0B8EC-E7CF-4DD1-8FAB-7EA9581A3C90}.Debug|x86.ActiveCfg = Debug|Win32
		{B7A0B8EC-E7CF-4DD1-8FAB-7EA9581A3C90}.Debug|x86.Build.0 = Debug|Win32
		{B7A0B8EC-E7CF-4DD1-8FAB-7EA9581A3C90}.Release|x64.ActiveCfg = Release|x64
		{B7A0B8EC-E7CF-4DD1-8FAB-7EA9581A3C90}.Release|x64.Build.0 = Release|x64
		{B7A0B8EC-E7CF-4DD1-8FAB-7EA9581A3C90}.Release|x86.ActiveCfg = Release|Win32
		{B7A0B8EC-E7CF-4DD1-8FAB-7EA9581A3C90}.Release|x86.Build.0 = Release|Win32
		{3BFD67A1-C0AD-402B-8873-BABE586D6118}.Debug|x64.ActiveCfg = Debug|x64
		{3BFD67A1-C0AD-402B-8873-BABE586D6118}.Debug|x64.Build.0 = Debug|x64
		{3BFD67A1-C0AD-402B-8873-BABE586D6118}.Debug|x86.ActiveCfg = Debug|Win32
		{3BFD67A1-C0AD-402B-8873-BABE586D6118}.Debug|x86.Build.0 = Debug|Win32
		{3BFD67A1-C0AD-402B-8873-BABE586D6118}.Release|x64.ActiveCfg = Release|x64
		{3BFD67A1-C0AD-402B-8873-BABE586D6118}.Release|x64.Build.0 = Release|x64
		{3BFD67A1-C0AD-402B-8873-BABE586D6118}.Release|x86.ActiveCfg = Release|Win32
		{3BFD67A1-C0AD-402B-8873-BABE586D6118}.Release|x86.Build.0 = Release|Win32
		{0F10050B-F0DB-4D72-86CF-41025493B8F0}.Debug|x64.ActiveCfg = Debug|x64
		{0F10050B-F0DB-4D72-86CF-41025493B8F0}.Debug|x64.Build.0 = Debug|x64
		{0F10050B-F0DB-4D72-86CF-41025493B8F0}.Debug|x86.ActiveCfg = Debug|Win32
		{0F10050B-F0DB-4D72-86CF-41025493B8F0}.Debug|x86.Build.0 = Debug|Win32
		{0F10050B-F0DB-4D72-86CF-41025493B8F0}.Release|x64.ActiveCfg = Release|x64
		{0F10050B-F0DB-4D72-86CF-41025493B8F0}.Release|x64.Build.0 = Release|x64
		{0F10050B-F0DB-4D72-86CF-41025493B8F0}.Release|x86.ActiveCfg = Release|Win32
		{0F10050B-F0DB-4D72-86CF-41025493B8F0}.Release|x86.Build.0 = Release|Win32
		{EAD0CF59-6415-4C39-909B-5246F6330540}.Debug|x64.ActiveCfg = Debug|x64
		{EAD0CF59-6415-4C39-909B-5246F6330540}.Debug|x64.Build.0 = Debug|x64
		{EAD0CF59-6415-4C39-909B-5246F6330540}.Debug|x86.ActiveCfg = Debug|Win32
		{EAD0CF59-6415-4C39-909B-5246F6330540}.Debug|x86.Build.0 = Debug|Win32
		{EAD0CF59-6415-4C39-909B-5246F6330540}.Release|x64.ActiveCfg = Release|x64
		{EAD0CF59-6415-4C39-909B-5246F6330540}.Release|x64.Build.0 = Release|x64
		{EAD0CF59-6415-4C39-909B-5246F6330540}.Release|x86.ActiveCfg = Release|Win32
		{EAD0CF59-6415-4C39-909B-5246F6330540}.Release|x86.Build.0 = Release|Win32
		{F41C6A3E-D537-4108-A613-94B8E999A82B}.Debug|x64.ActiveCfg = Debug|x64
		{F41C6A3E-D537-4108-A613-94B8E999A82B}.Debug|x64.Build.0 = Debug|x64
		{F41C6A3E-D537-4108-A613-94B8E999A82B}.Debug|x86.ActiveCfg = Debug|Win32
		{F41C6A3E-D537-4108-A613-94B8E999A82B}.Debug|x86.Build.0 = Debug|Win32
		{F41C6A3E-D537-4108-A613-94B8E999A82B}.Release|x64.ActiveCfg = Release|x64
		{F41C6A3E-D537-4108-A613-94B8E999A82B}.Release|x64.Build.0 = Release|x64
		{F41C6A3E-D537-4108-A613-94B8E999A82B}.Release|x86.ActiveCfg = Release|Win32
		{F41C6A3E-D537-4108-A613-94B8E999A82B}.Release|x86.Build.0 = Release|Win32
		{6F1EDD48-FA5F-49F2-A436-6784FC59A577}.Debug|x64.ActiveCfg = Debug|x64
		{6F1EDD48-FA5F-49F2-A436-6784FC59A577}.Debug|x64.Build.0 = Debug|x64
		{6F1EDD48-FA5F-49F2-A436-6784FC59A577}.Debug|x86.ActiveCfg = Debug|Win32
		{6F1EDD48-FA5F-49F2-A436-6784FC59A577}.Debug|x86.Build.0 = Debug|Win32
		{6F1EDD48-FA5F-49F2-A436-6784FC59A577}.Release|x64.ActiveCfg = Release|x64
		{6F1EDD48-FA5F-49F2-A436-6784FC59A577}.Release|x64.Build.0 = Release|x64
		{6F1EDD48-FA5F-49F2-A436-6784FC59A577}.Release|x86.ActiveCfg = Release|Win32
		{6F1EDD48-FA5F-49F2-A436-6784FC59A577}.Release|x86.Build.0 = Release|Win32
		{419C9EB7-EADF-4551-8B10-A7B7ECEE4815}.Debug|x64.ActiveCfg = Debug|x64
		{419C9EB7-EADF-4551-8B10-A7B7ECEE4815}.Debug|x64.Build.0 = Debug|x64
		{419C9EB7-EADF-4551-8B10-A7B7ECEE4815}.Debug|x86.ActiveCfg = Debug|Win32
		{419C9EB7-EADF-4551-8B10-A7B7ECEE4815}.Debug|x86.Build.0 = Debug|Win32
		{419C9EB7-EADF-4551-8B10-A7B7ECEE4815}.Release|x64.ActiveCfg = Release|x64
		{419C9EB7-EADF-4551-8B10-A7B7ECEE4815}.Release|x64.Build.0 = Release|x64
		{419C9EB7-EADF-4551-8B10-A7B7ECEE4815}.Release|x86.ActiveCfg = Release|Win32
		{419C9EB7-EADF-4551-8B10-A7B7ECEE4815}.Release|x86.Build.0 = Release|Win32
	EndGlobalSection
	GlobalSection(SolutionProperties) = preSolution
		HideSolutionNode = FALSE
	EndGlobalSection
	GlobalSection(ExtensibilityGlobals) = postSolution
		SolutionGuid = {EFFB94E5-4A45-4A2C-B4FF-DC7770DA831B}
	EndGlobalSection
EndGlobal
